
Microsoft Visual Studio Solution File, Format Version 12.00
# Visual Studio Version 16
VisualStudioVersion = 16.0.29424.173
MinimumVisualStudioVersion = 15.0.26124.0
Project("{2150E333-8FDC-42A3-9474-1A3956D46DE8}") = "src", "src", "{FB93969E-D2DB-4419-AB71-5291F8920CF6}"
EndProject
Project("{9A19103F-16F7-4668-BE54-9A1E7A4F7556}") = "IdentityServer4.Admin.Admin", "src\IdentityServer4.Admin.Admin\IdentityServer4.Admin.Admin.csproj", "{C9E25E95-CA78-440A-88CD-35A5003F3CA6}"
EndProject
Project("{9A19103F-16F7-4668-BE54-9A1E7A4F7556}") = "IdentityServer4.Admin.STS.Identity", "src\IdentityServer4.Admin.STS.Identity\IdentityServer4.Admin.STS.Identity.csproj", "{9EF0BBF8-7320-495D-9459-0F4B1EB50BA5}"
EndProject
Project("{9A19103F-16F7-4668-BE54-9A1E7A4F7556}") = "IdentityServer4.Admin.Admin.Api", "src\IdentityServer4.Admin.Admin.Api\IdentityServer4.Admin.Admin.Api.csproj", "{26A6BDDA-9667-4BC2-A7BE-C01EF57A5049}"
EndProject
Project("{9A19103F-16F7-4668-BE54-9A1E7A4F7556}") = "IdentityServer4.Admin.Admin.EntityFramework.Shared", "src\IdentityServer4.Admin.Admin.EntityFramework.Shared\IdentityServer4.Admin.Admin.EntityFramework.Shared.csproj", "{A49360A3-09DF-4DF3-9E29-9B4F54B0F083}"
EndProject
Project("{9A19103F-16F7-4668-BE54-9A1E7A4F7556}") = "IdentityServer4.Admin.Admin.EntityFramework.MySql", "src\IdentityServer4.Admin.Admin.EntityFramework.MySql\IdentityServer4.Admin.Admin.EntityFramework.MySql.csproj", "{B2237216-7D82-4360-90E2-A524384E9BB7}"
EndProject
Project("{9A19103F-16F7-4668-BE54-9A1E7A4F7556}") = "IdentityServer4.Admin.Admin.EntityFramework.PostgreSQL", "src\IdentityServer4.Admin.Admin.EntityFramework.PostgreSQL\IdentityServer4.Admin.Admin.EntityFramework.PostgreSQL.csproj", "{3E619D23-8F23-43B0-9C43-F369A781C644}"
EndProject
Project("{9A19103F-16F7-4668-BE54-9A1E7A4F7556}") = "IdentityServer4.Admin.Admin.EntityFramework.SqlServer", "src\IdentityServer4.Admin.Admin.EntityFramework.SqlServer\IdentityServer4.Admin.Admin.EntityFramework.SqlServer.csproj", "{7C160B5E-B46B-4575-A3A9-E7DE4DA43CDF}"
EndProject
Project("{9A19103F-16F7-4668-BE54-9A1E7A4F7556}") = "IdentityServer4.Admin.Shared", "src\IdentityServer4.Admin.Shared\IdentityServer4.Admin.Shared.csproj", "{DAE548C1-438A-4ED2-8F32-E7CCF2C0867F}"
EndProject
Global
	GlobalSection(SolutionConfigurationPlatforms) = preSolution
		Debug|Any CPU = Debug|Any CPU
		Debug|x64 = Debug|x64
		Debug|x86 = Debug|x86
		Release|Any CPU = Release|Any CPU
		Release|x64 = Release|x64
		Release|x86 = Release|x86
	EndGlobalSection
	GlobalSection(ProjectConfigurationPlatforms) = postSolution
		{C9E25E95-CA78-440A-88CD-35A5003F3CA6}.Debug|Any CPU.ActiveCfg = Debug|Any CPU
		{C9E25E95-CA78-440A-88CD-35A5003F3CA6}.Debug|Any CPU.Build.0 = Debug|Any CPU
		{C9E25E95-CA78-440A-88CD-35A5003F3CA6}.Debug|x64.ActiveCfg = Debug|Any CPU
		{C9E25E95-CA78-440A-88CD-35A5003F3CA6}.Debug|x64.Build.0 = Debug|Any CPU
		{C9E25E95-CA78-440A-88CD-35A5003F3CA6}.Debug|x86.ActiveCfg = Debug|Any CPU
		{C9E25E95-CA78-440A-88CD-35A5003F3CA6}.Debug|x86.Build.0 = Debug|Any CPU
		{C9E25E95-CA78-440A-88CD-35A5003F3CA6}.Release|Any CPU.ActiveCfg = Release|Any CPU
		{C9E25E95-CA78-440A-88CD-35A5003F3CA6}.Release|Any CPU.Build.0 = Release|Any CPU
		{C9E25E95-CA78-440A-88CD-35A5003F3CA6}.Release|x64.ActiveCfg = Release|Any CPU
		{C9E25E95-CA78-440A-88CD-35A5003F3CA6}.Release|x64.Build.0 = Release|Any CPU
		{C9E25E95-CA78-440A-88CD-35A5003F3CA6}.Release|x86.ActiveCfg = Release|Any CPU
		{C9E25E95-CA78-440A-88CD-35A5003F3CA6}.Release|x86.Build.0 = Release|Any CPU
		{9EF0BBF8-7320-495D-9459-0F4B1EB50BA5}.Debug|Any CPU.ActiveCfg = Debug|Any CPU
		{9EF0BBF8-7320-495D-9459-0F4B1EB50BA5}.Debug|Any CPU.Build.0 = Debug|Any CPU
		{9EF0BBF8-7320-495D-9459-0F4B1EB50BA5}.Debug|x64.ActiveCfg = Debug|Any CPU
		{9EF0BBF8-7320-495D-9459-0F4B1EB50BA5}.Debug|x64.Build.0 = Debug|Any CPU
		{9EF0BBF8-7320-495D-9459-0F4B1EB50BA5}.Debug|x86.ActiveCfg = Debug|Any CPU
		{9EF0BBF8-7320-495D-9459-0F4B1EB50BA5}.Debug|x86.Build.0 = Debug|Any CPU
		{9EF0BBF8-7320-495D-9459-0F4B1EB50BA5}.Release|Any CPU.ActiveCfg = Release|Any CPU
		{9EF0BBF8-7320-495D-9459-0F4B1EB50BA5}.Release|Any CPU.Build.0 = Release|Any CPU
		{9EF0BBF8-7320-495D-9459-0F4B1EB50BA5}.Release|x64.ActiveCfg = Release|Any CPU
		{9EF0BBF8-7320-495D-9459-0F4B1EB50BA5}.Release|x64.Build.0 = Release|Any CPU
		{9EF0BBF8-7320-495D-9459-0F4B1EB50BA5}.Release|x86.ActiveCfg = Release|Any CPU
		{9EF0BBF8-7320-495D-9459-0F4B1EB50BA5}.Release|x86.Build.0 = Release|Any CPU
		{26A6BDDA-9667-4BC2-A7BE-C01EF57A5049}.Debug|Any CPU.ActiveCfg = Debug|Any CPU
		{26A6BDDA-9667-4BC2-A7BE-C01EF57A5049}.Debug|Any CPU.Build.0 = Debug|Any CPU
		{26A6BDDA-9667-4BC2-A7BE-C01EF57A5049}.Debug|x64.ActiveCfg = Debug|Any CPU
		{26A6BDDA-9667-4BC2-A7BE-C01EF57A5049}.Debug|x64.Build.0 = Debug|Any CPU
		{26A6BDDA-9667-4BC2-A7BE-C01EF57A5049}.Debug|x86.ActiveCfg = Debug|Any CPU
		{26A6BDDA-9667-4BC2-A7BE-C01EF57A5049}.Debug|x86.Build.0 = Debug|Any CPU
		{26A6BDDA-9667-4BC2-A7BE-C01EF57A5049}.Release|Any CPU.ActiveCfg = Release|Any CPU
		{26A6BDDA-9667-4BC2-A7BE-C01EF57A5049}.Release|Any CPU.Build.0 = Release|Any CPU
		{26A6BDDA-9667-4BC2-A7BE-C01EF57A5049}.Release|x64.ActiveCfg = Release|Any CPU
		{26A6BDDA-9667-4BC2-A7BE-C01EF57A5049}.Release|x64.Build.0 = Release|Any CPU
		{26A6BDDA-9667-4BC2-A7BE-C01EF57A5049}.Release|x86.ActiveCfg = Release|Any CPU
		{26A6BDDA-9667-4BC2-A7BE-C01EF57A5049}.Release|x86.Build.0 = Release|Any CPU
		{A49360A3-09DF-4DF3-9E29-9B4F54B0F083}.Debug|Any CPU.ActiveCfg = Debug|Any CPU
		{A49360A3-09DF-4DF3-9E29-9B4F54B0F083}.Debug|Any CPU.Build.0 = Debug|Any CPU
		{A49360A3-09DF-4DF3-9E29-9B4F54B0F083}.Debug|x64.ActiveCfg = Debug|Any CPU
		{A49360A3-09DF-4DF3-9E29-9B4F54B0F083}.Debug|x64.Build.0 = Debug|Any CPU
		{A49360A3-09DF-4DF3-9E29-9B4F54B0F083}.Debug|x86.ActiveCfg = Debug|Any CPU
		{A49360A3-09DF-4DF3-9E29-9B4F54B0F083}.Debug|x86.Build.0 = Debug|Any CPU
		{A49360A3-09DF-4DF3-9E29-9B4F54B0F083}.Release|Any CPU.ActiveCfg = Release|Any CPU
		{A49360A3-09DF-4DF3-9E29-9B4F54B0F083}.Release|Any CPU.Build.0 = Release|Any CPU
		{A49360A3-09DF-4DF3-9E29-9B4F54B0F083}.Release|x64.ActiveCfg = Release|Any CPU
		{A49360A3-09DF-4DF3-9E29-9B4F54B0F083}.Release|x64.Build.0 = Release|Any CPU
		{A49360A3-09DF-4DF3-9E29-9B4F54B0F083}.Release|x86.ActiveCfg = Release|Any CPU
		{A49360A3-09DF-4DF3-9E29-9B4F54B0F083}.Release|x86.Build.0 = Release|Any CPU
		{B2237216-7D82-4360-90E2-A524384E9BB7}.Debug|Any CPU.ActiveCfg = Debug|Any CPU
		{B2237216-7D82-4360-90E2-A524384E9BB7}.Debug|Any CPU.Build.0 = Debug|Any CPU
		{B2237216-7D82-4360-90E2-A524384E9BB7}.Debug|x64.ActiveCfg = Debug|Any CPU
		{B2237216-7D82-4360-90E2-A524384E9BB7}.Debug|x64.Build.0 = Debug|Any CPU
		{B2237216-7D82-4360-90E2-A524384E9BB7}.Debug|x86.ActiveCfg = Debug|Any CPU
		{B2237216-7D82-4360-90E2-A524384E9BB7}.Debug|x86.Build.0 = Debug|Any CPU
		{B2237216-7D82-4360-90E2-A524384E9BB7}.Release|Any CPU.ActiveCfg = Release|Any CPU
		{B2237216-7D82-4360-90E2-A524384E9BB7}.Release|Any CPU.Build.0 = Release|Any CPU
		{B2237216-7D82-4360-90E2-A524384E9BB7}.Release|x64.ActiveCfg = Release|Any CPU
		{B2237216-7D82-4360-90E2-A524384E9BB7}.Release|x64.Build.0 = Release|Any CPU
		{B2237216-7D82-4360-90E2-A524384E9BB7}.Release|x86.ActiveCfg = Release|Any CPU
		{B2237216-7D82-4360-90E2-A524384E9BB7}.Release|x86.Build.0 = Release|Any CPU
		{3E619D23-8F23-43B0-9C43-F369A781C644}.Debug|Any CPU.ActiveCfg = Debug|Any CPU
		{3E619D23-8F23-43B0-9C43-F369A781C644}.Debug|Any CPU.Build.0 = Debug|Any CPU
		{3E619D23-8F23-43B0-9C43-F369A781C644}.Debug|x64.ActiveCfg = Debug|Any CPU
		{3E619D23-8F23-43B0-9C43-F369A781C644}.Debug|x64.Build.0 = Debug|Any CPU
		{3E619D23-8F23-43B0-9C43-F369A781C644}.Debug|x86.ActiveCfg = Debug|Any CPU
		{3E619D23-8F23-43B0-9C43-F369A781C644}.Debug|x86.Build.0 = Debug|Any CPU
		{3E619D23-8F23-43B0-9C43-F369A781C644}.Release|Any CPU.ActiveCfg = Release|Any CPU
		{3E619D23-8F23-43B0-9C43-F369A781C644}.Release|Any CPU.Build.0 = Release|Any CPU
		{3E619D23-8F23-43B0-9C43-F369A781C644}.Release|x64.ActiveCfg = Release|Any CPU
		{3E619D23-8F23-43B0-9C43-F369A781C644}.Release|x64.Build.0 = Release|Any CPU
		{3E619D23-8F23-43B0-9C43-F369A781C644}.Release|x86.ActiveCfg = Release|Any CPU
		{3E619D23-8F23-43B0-9C43-F369A781C644}.Release|x86.Build.0 = Release|Any CPU
		{7C160B5E-B46B-4575-A3A9-E7DE4DA43CDF}.Debug|Any CPU.ActiveCfg = Debug|Any CPU
		{7C160B5E-B46B-4575-A3A9-E7DE4DA43CDF}.Debug|Any CPU.Build.0 = Debug|Any CPU
		{7C160B5E-B46B-4575-A3A9-E7DE4DA43CDF}.Debug|x64.ActiveCfg = Debug|Any CPU
		{7C160B5E-B46B-4575-A3A9-E7DE4DA43CDF}.Debug|x64.Build.0 = Debug|Any CPU
		{7C160B5E-B46B-4575-A3A9-E7DE4DA43CDF}.Debug|x86.ActiveCfg = Debug|Any CPU
		{7C160B5E-B46B-4575-A3A9-E7DE4DA43CDF}.Debug|x86.Build.0 = Debug|Any CPU
		{7C160B5E-B46B-4575-A3A9-E7DE4DA43CDF}.Release|Any CPU.ActiveCfg = Release|Any CPU
		{7C160B5E-B46B-4575-A3A9-E7DE4DA43CDF}.Release|Any CPU.Build.0 = Release|Any CPU
		{7C160B5E-B46B-4575-A3A9-E7DE4DA43CDF}.Release|x64.ActiveCfg = Release|Any CPU
		{7C160B5E-B46B-4575-A3A9-E7DE4DA43CDF}.Release|x64.Build.0 = Release|Any CPU
		{7C160B5E-B46B-4575-A3A9-E7DE4DA43CDF}.Release|x86.ActiveCfg = Release|Any CPU
		{7C160B5E-B46B-4575-A3A9-E7DE4DA43CDF}.Release|x86.Build.0 = Release|Any CPU
		{DAE548C1-438A-4ED2-8F32-E7CCF2C0867F}.Debug|Any CPU.ActiveCfg = Debug|Any CPU
		{DAE548C1-438A-4ED2-8F32-E7CCF2C0867F}.Debug|Any CPU.Build.0 = Debug|Any CPU
		{DAE548C1-438A-4ED2-8F32-E7CCF2C0867F}.Debug|x64.ActiveCfg = Debug|Any CPU
		{DAE548C1-438A-4ED2-8F32-E7CCF2C0867F}.Debug|x64.Build.0 = Debug|Any CPU
		{DAE548C1-438A-4ED2-8F32-E7CCF2C0867F}.Debug|x86.ActiveCfg = Debug|Any CPU
		{DAE548C1-438A-4ED2-8F32-E7CCF2C0867F}.Debug|x86.Build.0 = Debug|Any CPU
		{DAE548C1-438A-4ED2-8F32-E7CCF2C0867F}.Release|Any CPU.ActiveCfg = Release|Any CPU
		{DAE548C1-438A-4ED2-8F32-E7CCF2C0867F}.Release|Any CPU.Build.0 = Release|Any CPU
		{DAE548C1-438A-4ED2-8F32-E7CCF2C0867F}.Release|x64.ActiveCfg = Release|Any CPU
		{DAE548C1-438A-4ED2-8F32-E7CCF2C0867F}.Release|x64.Build.0 = Release|Any CPU
		{DAE548C1-438A-4ED2-8F32-E7CCF2C0867F}.Release|x86.ActiveCfg = Release|Any CPU
		{DAE548C1-438A-4ED2-8F32-E7CCF2C0867F}.Release|x86.Build.0 = Release|Any CPU
	EndGlobalSection
	GlobalSection(SolutionProperties) = preSolution
		HideSolutionNode = FALSE
	EndGlobalSection
	GlobalSection(NestedProjects) = preSolution
		{C9E25E95-CA78-440A-88CD-35A5003F3CA6} = {FB93969E-D2DB-4419-AB71-5291F8920CF6}
		{9EF0BBF8-7320-495D-9459-0F4B1EB50BA5} = {FB93969E-D2DB-4419-AB71-5291F8920CF6}
		{26A6BDDA-9667-4BC2-A7BE-C01EF57A5049} = {FB93969E-D2DB-4419-AB71-5291F8920CF6}
		{A49360A3-09DF-4DF3-9E29-9B4F54B0F083} = {FB93969E-D2DB-4419-AB71-5291F8920CF6}
		{B2237216-7D82-4360-90E2-A524384E9BB7} = {FB93969E-D2DB-4419-AB71-5291F8920CF6}
		{3E619D23-8F23-43B0-9C43-F369A781C644} = {FB93969E-D2DB-4419-AB71-5291F8920CF6}
		{7C160B5E-B46B-4575-A3A9-E7DE4DA43CDF} = {FB93969E-D2DB-4419-AB71-5291F8920CF6}
		{DAE548C1-438A-4ED2-8F32-E7CCF2C0867F} = {FB93969E-D2DB-4419-AB71-5291F8920CF6}
	EndGlobalSection
	GlobalSection(ExtensibilityGlobals) = postSolution
		SolutionGuid = {549F6BA2-7BF0-4104-9088-47D242078F31}
	EndGlobalSection
EndGlobal
