
Microsoft Visual Studio Solution File, Format Version 12.00
# Visual Studio Version 16
VisualStudioVersion = 16.0.30804.86
MinimumVisualStudioVersion = 10.0.40219.1
Project("{9A19103F-16F7-4668-BE54-9A1E7A4F7556}") = "VnR.Client.Mvc.Hybrid", "VnR.Client.Mvc.Hybrid\VnR.Client.Mvc.Hybrid.csproj", "{B9EC33C5-5E65-40AF-B0A9-34819C5086EC}"
EndProject
Project("{9A19103F-16F7-4668-BE54-9A1E7A4F7556}") = "VnR.IdentityServer", "VnR.IdentityServer\VnR.IdentityServer.csproj", "{7806D343-A251-4566-BFF3-5A57E322D8BA}"
EndProject
Project("{9A19103F-16F7-4668-BE54-9A1E7A4F7556}") = "VnR.IdentityServerAuthorizationService", "VnR.IdentityServerAuthorizationService\VnR.IdentityServerAuthorizationService.csproj", "{DABCCB7E-321F-40D6-9E96-160FA6415329}"
EndProject
Global
	GlobalSection(SolutionConfigurationPlatforms) = preSolution
		Debug|Any CPU = Debug|Any CPU
		Release|Any CPU = Release|Any CPU
	EndGlobalSection
	GlobalSection(ProjectConfigurationPlatforms) = postSolution
		{B9EC33C5-5E65-40AF-B0A9-34819C5086EC}.Debug|Any CPU.ActiveCfg = Debug|Any CPU
		{B9EC33C5-5E65-40AF-B0A9-34819C5086EC}.Debug|Any CPU.Build.0 = Debug|Any CPU
		{B9EC33C5-5E65-40AF-B0A9-34819C5086EC}.Release|Any CPU.ActiveCfg = Release|Any CPU
		{B9EC33C5-5E65-40AF-B0A9-34819C5086EC}.Release|Any CPU.Build.0 = Release|Any CPU
		{7806D343-A251-4566-BFF3-5A57E322D8BA}.Debug|Any CPU.ActiveCfg = Debug|Any CPU
		{7806D343-A251-4566-BFF3-5A57E322D8BA}.Debug|Any CPU.Build.0 = Debug|Any CPU
		{7806D343-A251-4566-BFF3-5A57E322D8BA}.Release|Any CPU.ActiveCfg = Release|Any CPU
		{7806D343-A251-4566-BFF3-5A57E322D8BA}.Release|Any CPU.Build.0 = Release|Any CPU
		{DABCCB7E-321F-40D6-9E96-160FA6415329}.Debug|Any CPU.ActiveCfg = Debug|Any CPU
		{DABCCB7E-321F-40D6-9E96-160FA6415329}.Debug|Any CPU.Build.0 = Debug|Any CPU
		{DABCCB7E-321F-40D6-9E96-160FA6415329}.Release|Any CPU.ActiveCfg = Release|Any CPU
		{DABCCB7E-321F-40D6-9E96-160FA6415329}.Release|Any CPU.Build.0 = Release|Any CPU
	EndGlobalSection
	GlobalSection(SolutionProperties) = preSolution
		HideSolutionNode = FALSE
	EndGlobalSection
	GlobalSection(ExtensibilityGlobals) = postSolution
		SolutionGuid = {4C718881-4ECF-49C2-9FFB-37C2D01A468D}
	EndGlobalSection
EndGlobal
