
Microsoft Visual Studio Solution File, Format Version 12.00
# Visual Studio Version 16
VisualStudioVersion = 16.0.30804.86
MinimumVisualStudioVersion = 10.0.40219.1
Project("{9A19103F-16F7-4668-BE54-9A1E7A4F7556}") = "IdentityServer", "IdentityServer\IdentityServer.csproj", "{7D28226E-E6FE-4FDD-A5BF-DB1A5A9F5A11}"
EndProject
Project("{9A19103F-16F7-4668-BE54-9A1E7A4F7556}") = "Client.Console", "Client.Console\Client.Console.csproj", "{6A8A2E54-D65D-4511-8C2A-F6916BAF5A9B}"
EndProject
Project("{9A19103F-16F7-4668-BE54-9A1E7A4F7556}") = "Client.MVC", "Client.MVC\Client.MVC.csproj", "{CA5BB33E-6D9F-4A6E-AF12-9F0707F3B828}"
EndProject
Project("{9A19103F-16F7-4668-BE54-9A1E7A4F7556}") = "Client.API", "Client.API\Client.API.csproj", "{75B7B64D-2435-4480-95A6-BD45A05843D8}"
EndProject
Project("{9A19103F-16F7-4668-BE54-9A1E7A4F7556}") = "API.One", "API.One\API.One.csproj", "{0045DFFE-8668-42EE-A94E-ECBBD0794F78}"
EndProject
Project("{9A19103F-16F7-4668-BE54-9A1E7A4F7556}") = "Client.LDap", "Client.LDap\Client.LDap.csproj", "{F05B99F0-24C0-4DD0-A472-1C10C6F78C8A}"
EndProject
Project("{9A19103F-16F7-4668-BE54-9A1E7A4F7556}") = "Client.Hybrid", "Client.Hybrid\Client.Hybrid.csproj", "{003C0288-A150-4F95-A21C-A0F82D155990}"
EndProject
Project("{FAE04EC0-301F-11D3-BF4B-00C04F79EFBC}") = "IdentityServerAuthorizationService", "IdentityServerAuthorizationService\IdentityServerAuthorizationService.csproj", "{8F0143FC-2BA1-4BF4-ACD3-48A5D1C6D14A}"
EndProject
Project("{9A19103F-16F7-4668-BE54-9A1E7A4F7556}") = "Client.MVC.Hybrid", "Client.MVC.Hybrid\Client.MVC.Hybrid.csproj", "{3C66A4CD-0A65-4D1F-B62B-161642B03568}"
EndProject
Global
	GlobalSection(SolutionConfigurationPlatforms) = preSolution
		Debug|Any CPU = Debug|Any CPU
		Release|Any CPU = Release|Any CPU
	EndGlobalSection
	GlobalSection(ProjectConfigurationPlatforms) = postSolution
		{7D28226E-E6FE-4FDD-A5BF-DB1A5A9F5A11}.Debug|Any CPU.ActiveCfg = Debug|Any CPU
		{7D28226E-E6FE-4FDD-A5BF-DB1A5A9F5A11}.Debug|Any CPU.Build.0 = Debug|Any CPU
		{7D28226E-E6FE-4FDD-A5BF-DB1A5A9F5A11}.Release|Any CPU.ActiveCfg = Release|Any CPU
		{7D28226E-E6FE-4FDD-A5BF-DB1A5A9F5A11}.Release|Any CPU.Build.0 = Release|Any CPU
		{6A8A2E54-D65D-4511-8C2A-F6916BAF5A9B}.Debug|Any CPU.ActiveCfg = Debug|Any CPU
		{6A8A2E54-D65D-4511-8C2A-F6916BAF5A9B}.Debug|Any CPU.Build.0 = Debug|Any CPU
		{6A8A2E54-D65D-4511-8C2A-F6916BAF5A9B}.Release|Any CPU.ActiveCfg = Release|Any CPU
		{6A8A2E54-D65D-4511-8C2A-F6916BAF5A9B}.Release|Any CPU.Build.0 = Release|Any CPU
		{CA5BB33E-6D9F-4A6E-AF12-9F0707F3B828}.Debug|Any CPU.ActiveCfg = Debug|Any CPU
		{CA5BB33E-6D9F-4A6E-AF12-9F0707F3B828}.Debug|Any CPU.Build.0 = Debug|Any CPU
		{CA5BB33E-6D9F-4A6E-AF12-9F0707F3B828}.Release|Any CPU.ActiveCfg = Release|Any CPU
		{CA5BB33E-6D9F-4A6E-AF12-9F0707F3B828}.Release|Any CPU.Build.0 = Release|Any CPU
		{75B7B64D-2435-4480-95A6-BD45A05843D8}.Debug|Any CPU.ActiveCfg = Debug|Any CPU
		{75B7B64D-2435-4480-95A6-BD45A05843D8}.Debug|Any CPU.Build.0 = Debug|Any CPU
		{75B7B64D-2435-4480-95A6-BD45A05843D8}.Release|Any CPU.ActiveCfg = Release|Any CPU
		{75B7B64D-2435-4480-95A6-BD45A05843D8}.Release|Any CPU.Build.0 = Release|Any CPU
		{0045DFFE-8668-42EE-A94E-ECBBD0794F78}.Debug|Any CPU.ActiveCfg = Debug|Any CPU
		{0045DFFE-8668-42EE-A94E-ECBBD0794F78}.Debug|Any CPU.Build.0 = Debug|Any CPU
		{0045DFFE-8668-42EE-A94E-ECBBD0794F78}.Release|Any CPU.ActiveCfg = Release|Any CPU
		{0045DFFE-8668-42EE-A94E-ECBBD0794F78}.Release|Any CPU.Build.0 = Release|Any CPU
		{F05B99F0-24C0-4DD0-A472-1C10C6F78C8A}.Debug|Any CPU.ActiveCfg = Debug|Any CPU
		{F05B99F0-24C0-4DD0-A472-1C10C6F78C8A}.Debug|Any CPU.Build.0 = Debug|Any CPU
		{F05B99F0-24C0-4DD0-A472-1C10C6F78C8A}.Release|Any CPU.ActiveCfg = Release|Any CPU
		{F05B99F0-24C0-4DD0-A472-1C10C6F78C8A}.Release|Any CPU.Build.0 = Release|Any CPU
		{003C0288-A150-4F95-A21C-A0F82D155990}.Debug|Any CPU.ActiveCfg = Debug|Any CPU
		{003C0288-A150-4F95-A21C-A0F82D155990}.Debug|Any CPU.Build.0 = Debug|Any CPU
		{003C0288-A150-4F95-A21C-A0F82D155990}.Release|Any CPU.ActiveCfg = Release|Any CPU
		{003C0288-A150-4F95-A21C-A0F82D155990}.Release|Any CPU.Build.0 = Release|Any CPU
		{8F0143FC-2BA1-4BF4-ACD3-48A5D1C6D14A}.Debug|Any CPU.ActiveCfg = Debug|Any CPU
		{8F0143FC-2BA1-4BF4-ACD3-48A5D1C6D14A}.Debug|Any CPU.Build.0 = Debug|Any CPU
		{8F0143FC-2BA1-4BF4-ACD3-48A5D1C6D14A}.Release|Any CPU.ActiveCfg = Release|Any CPU
		{8F0143FC-2BA1-4BF4-ACD3-48A5D1C6D14A}.Release|Any CPU.Build.0 = Release|Any CPU
		{3C66A4CD-0A65-4D1F-B62B-161642B03568}.Debug|Any CPU.ActiveCfg = Debug|Any CPU
		{3C66A4CD-0A65-4D1F-B62B-161642B03568}.Debug|Any CPU.Build.0 = Debug|Any CPU
		{3C66A4CD-0A65-4D1F-B62B-161642B03568}.Release|Any CPU.ActiveCfg = Release|Any CPU
		{3C66A4CD-0A65-4D1F-B62B-161642B03568}.Release|Any CPU.Build.0 = Release|Any CPU
	EndGlobalSection
	GlobalSection(SolutionProperties) = preSolution
		HideSolutionNode = FALSE
	EndGlobalSection
	GlobalSection(ExtensibilityGlobals) = postSolution
		SolutionGuid = {43568BE5-069A-4C9C-B80C-BD41EB0B8C9E}
	EndGlobalSection
EndGlobal
