
Microsoft Visual Studio Solution File, Format Version 12.00
# Visual Studio Version 16
VisualStudioVersion = 16.0.30804.86
MinimumVisualStudioVersion = 10.0.40219.1
Project("{FAE04EC0-301F-11D3-BF4B-00C04F79EFBC}") = "SwaggerAPISample", "SwaggerAPISample\SwaggerAPISample.csproj", "{B644CB35-DE1A-447A-BA15-99D530C8135A}"
EndProject
Global
	GlobalSection(SolutionConfigurationPlatforms) = preSolution
		Debug|Any CPU = Debug|Any CPU
		Release|Any CPU = Release|Any CPU
	EndGlobalSection
	GlobalSection(ProjectConfigurationPlatforms) = postSolution
		{B644CB35-DE1A-447A-BA15-99D530C8135A}.Debug|Any CPU.ActiveCfg = Debug|Any CPU
		{B644CB35-DE1A-447A-BA15-99D530C8135A}.Debug|Any CPU.Build.0 = Debug|Any CPU
		{B644CB35-DE1A-447A-BA15-99D530C8135A}.Release|Any CPU.ActiveCfg = Release|Any CPU
		{B644CB35-DE1A-447A-BA15-99D530C8135A}.Release|Any CPU.Build.0 = Release|Any CPU
	EndGlobalSection
	GlobalSection(SolutionProperties) = preSolution
		HideSolutionNode = FALSE
	EndGlobalSection
	GlobalSection(ExtensibilityGlobals) = postSolution
		SolutionGuid = {D6F50994-36EC-4EB6-9647-62A7FB3D8A80}
	EndGlobalSection
EndGlobal
